// !$*UTF8*$!
{
	archiveVersion = 1;
	classes = {
	};
	objectVersion = 50;
	objects = {

/* Begin PBXBuildFile section */
		1F587D7525BDDFBB00FF8C60 /* LocationManager.swift in Sources */ = {isa = PBXBuildFile; fileRef = 1F587D7425BDDFBB00FF8C60 /* LocationManager.swift */; };
		1F587D7A25BDE58A00FF8C60 /* dsndr.xcdatamodeld in Sources */ = {isa = PBXBuildFile; fileRef = 1F587D7825BDE58A00FF8C60 /* dsndr.xcdatamodeld */; };
		1F587D8625BDF7B700FF8C60 /* Formatting.swift in Sources */ = {isa = PBXBuildFile; fileRef = 1F587D8525BDF7B700FF8C60 /* Formatting.swift */; };
		1FE47168258C7C8600ADF01E /* AppDelegate.swift in Sources */ = {isa = PBXBuildFile; fileRef = 1FE47167258C7C8600ADF01E /* AppDelegate.swift */; };
		1FE4716A258C7C8600ADF01E /* SceneDelegate.swift in Sources */ = {isa = PBXBuildFile; fileRef = 1FE47169258C7C8600ADF01E /* SceneDelegate.swift */; };
		1FE4716C258C7C8600ADF01E /* DashboardViewController.swift in Sources */ = {isa = PBXBuildFile; fileRef = 1FE4716B258C7C8600ADF01E /* DashboardViewController.swift */; };
		1FE4716F258C7C8600ADF01E /* Main.storyboard in Resources */ = {isa = PBXBuildFile; fileRef = 1FE4716D258C7C8600ADF01E /* Main.storyboard */; };
		1FE47171258C7C8600ADF01E /* Assets.xcassets in Resources */ = {isa = PBXBuildFile; fileRef = 1FE47170258C7C8600ADF01E /* Assets.xcassets */; };
		1FE47174258C7C8600ADF01E /* LaunchScreen.storyboard in Resources */ = {isa = PBXBuildFile; fileRef = 1FE47172258C7C8600ADF01E /* LaunchScreen.storyboard */; };
		1FFC6A31258D8363000E4146 /* MapViewController.swift in Sources */ = {isa = PBXBuildFile; fileRef = 1FFC6A30258D8363000E4146 /* MapViewController.swift */; };
/* End PBXBuildFile section */

/* Begin PBXFileReference section */
		1F587D7425BDDFBB00FF8C60 /* LocationManager.swift */ = {isa = PBXFileReference; lastKnownFileType = sourcecode.swift; path = LocationManager.swift; sourceTree = "<group>"; };
		1F587D7925BDE58A00FF8C60 /* dsndr.xcdatamodel */ = {isa = PBXFileReference; lastKnownFileType = wrapper.xcdatamodel; path = dsndr.xcdatamodel; sourceTree = "<group>"; };
		1F587D8525BDF7B700FF8C60 /* Formatting.swift */ = {isa = PBXFileReference; lastKnownFileType = sourcecode.swift; path = Formatting.swift; sourceTree = "<group>"; };
		1FE47164258C7C8600ADF01E /* dsndr.app */ = {isa = PBXFileReference; explicitFileType = wrapper.application; includeInIndex = 0; path = dsndr.app; sourceTree = BUILT_PRODUCTS_DIR; };
		1FE47167258C7C8600ADF01E /* AppDelegate.swift */ = {isa = PBXFileReference; lastKnownFileType = sourcecode.swift; path = AppDelegate.swift; sourceTree = "<group>"; };
		1FE47169258C7C8600ADF01E /* SceneDelegate.swift */ = {isa = PBXFileReference; lastKnownFileType = sourcecode.swift; path = SceneDelegate.swift; sourceTree = "<group>"; };
		1FE4716B258C7C8600ADF01E /* DashboardViewController.swift */ = {isa = PBXFileReference; lastKnownFileType = sourcecode.swift; path = DashboardViewController.swift; sourceTree = "<group>"; };
		1FE4716E258C7C8600ADF01E /* Base */ = {isa = PBXFileReference; lastKnownFileType = file.storyboard; name = Base; path = Base.lproj/Main.storyboard; sourceTree = "<group>"; };
		1FE47170258C7C8600ADF01E /* Assets.xcassets */ = {isa = PBXFileReference; lastKnownFileType = folder.assetcatalog; path = Assets.xcassets; sourceTree = "<group>"; };
		1FE47173258C7C8600ADF01E /* Base */ = {isa = PBXFileReference; lastKnownFileType = file.storyboard; name = Base; path = Base.lproj/LaunchScreen.storyboard; sourceTree = "<group>"; };
		1FE47175258C7C8600ADF01E /* Info.plist */ = {isa = PBXFileReference; lastKnownFileType = text.plist.xml; path = Info.plist; sourceTree = "<group>"; };
		1FFC6A30258D8363000E4146 /* MapViewController.swift */ = {isa = PBXFileReference; lastKnownFileType = sourcecode.swift; path = MapViewController.swift; sourceTree = "<group>"; };
/* End PBXFileReference section */

/* Begin PBXFrameworksBuildPhase section */
		1FE47161258C7C8600ADF01E /* Frameworks */ = {
			isa = PBXFrameworksBuildPhase;
			buildActionMask = 2147483647;
			files = (
			);
			runOnlyForDeploymentPostprocessing = 0;
		};
/* End PBXFrameworksBuildPhase section */

/* Begin PBXGroup section */
		1FE4715B258C7C8600ADF01E = {
			isa = PBXGroup;
			children = (
				1FE47166258C7C8600ADF01E /* dsndr */,
				1FE47165258C7C8600ADF01E /* Products */,
			);
			sourceTree = "<group>";
		};
		1FE47165258C7C8600ADF01E /* Products */ = {
			isa = PBXGroup;
			children = (
				1FE47164258C7C8600ADF01E /* dsndr.app */,
			);
			name = Products;
			sourceTree = "<group>";
		};
		1FE47166258C7C8600ADF01E /* dsndr */ = {
			isa = PBXGroup;
			children = (
				1F587D8525BDF7B700FF8C60 /* Formatting.swift */,
				1F587D7825BDE58A00FF8C60 /* dsndr.xcdatamodeld */,
				1F587D7425BDDFBB00FF8C60 /* LocationManager.swift */,
				1FE47167258C7C8600ADF01E /* AppDelegate.swift */,
				1FE47169258C7C8600ADF01E /* SceneDelegate.swift */,
				1FE4716B258C7C8600ADF01E /* DashboardViewController.swift */,
				1FFC6A30258D8363000E4146 /* MapViewController.swift */,
				1FE4716D258C7C8600ADF01E /* Main.storyboard */,
				1FE47170258C7C8600ADF01E /* Assets.xcassets */,
				1FE47172258C7C8600ADF01E /* LaunchScreen.storyboard */,
				1FE47175258C7C8600ADF01E /* Info.plist */,
			);
			path = dsndr;
			sourceTree = "<group>";
		};
/* End PBXGroup section */

/* Begin PBXNativeTarget section */
		1FE47163258C7C8600ADF01E /* dsndr */ = {
			isa = PBXNativeTarget;
			buildConfigurationList = 1FE47178258C7C8600ADF01E /* Build configuration list for PBXNativeTarget "dsndr" */;
			buildPhases = (
				1FE47160258C7C8600ADF01E /* Sources */,
				1FE47161258C7C8600ADF01E /* Frameworks */,
				1FE47162258C7C8600ADF01E /* Resources */,
			);
			buildRules = (
			);
			dependencies = (
			);
			name = dsndr;
			productName = dsndr;
			productReference = 1FE47164258C7C8600ADF01E /* dsndr.app */;
			productType = "com.apple.product-type.application";
		};
/* End PBXNativeTarget section */

/* Begin PBXProject section */
		1FE4715C258C7C8600ADF01E /* Project object */ = {
			isa = PBXProject;
			attributes = {
				LastSwiftUpdateCheck = 1230;
				LastUpgradeCheck = 1230;
				TargetAttributes = {
					1FE47163258C7C8600ADF01E = {
						CreatedOnToolsVersion = 12.3;
					};
				};
			};
			buildConfigurationList = 1FE4715F258C7C8600ADF01E /* Build configuration list for PBXProject "dsndr" */;
			compatibilityVersion = "Xcode 9.3";
			developmentRegion = en;
			hasScannedForEncodings = 0;
			knownRegions = (
				en,
				Base,
			);
			mainGroup = 1FE4715B258C7C8600ADF01E;
			productRefGroup = 1FE47165258C7C8600ADF01E /* Products */;
			projectDirPath = "";
			projectRoot = "";
			targets = (
				1FE47163258C7C8600ADF01E /* dsndr */,
			);
		};
/* End PBXProject section */

/* Begin PBXResourcesBuildPhase section */
		1FE47162258C7C8600ADF01E /* Resources */ = {
			isa = PBXResourcesBuildPhase;
			buildActionMask = 2147483647;
			files = (
				1FE47174258C7C8600ADF01E /* LaunchScreen.storyboard in Resources */,
				1FE47171258C7C8600ADF01E /* Assets.xcassets in Resources */,
				1FE4716F258C7C8600ADF01E /* Main.storyboard in Resources */,
			);
			runOnlyForDeploymentPostprocessing = 0;
		};
/* End PBXResourcesBuildPhase section */

/* Begin PBXSourcesBuildPhase section */
		1FE47160258C7C8600ADF01E /* Sources */ = {
			isa = PBXSourcesBuildPhase;
			buildActionMask = 2147483647;
			files = (
				1F587D8625BDF7B700FF8C60 /* Formatting.swift in Sources */,
				1FE4716C258C7C8600ADF01E /* DashboardViewController.swift in Sources */,
				1FE47168258C7C8600ADF01E /* AppDelegate.swift in Sources */,
				1F587D7525BDDFBB00FF8C60 /* LocationManager.swift in Sources */,
				1F587D7A25BDE58A00FF8C60 /* dsndr.xcdatamodeld in Sources */,
				1FE4716A258C7C8600ADF01E /* SceneDelegate.swift in Sources */,
				1FFC6A31258D8363000E4146 /* MapViewController.swift in Sources */,
			);
			runOnlyForDeploymentPostprocessing = 0;
		};
/* End PBXSourcesBuildPhase section */

/* Begin PBXVariantGroup section */
		1FE4716D258C7C8600ADF01E /* Main.storyboard */ = {
			isa = PBXVariantGroup;
			children = (
				1FE4716E258C7C8600ADF01E /* Base */,
			);
			name = Main.storyboard;
			sourceTree = "<group>";
		};
		1FE47172258C7C8600ADF01E /* LaunchScreen.storyboard */ = {
			isa = PBXVariantGroup;
			children = (
				1FE47173258C7C8600ADF01E /* Base */,
			);
			name = LaunchScreen.storyboard;
			sourceTree = "<group>";
		};
/* End PBXVariantGroup section */

/* Begin XCBuildConfiguration section */
		1FE47176258C7C8600ADF01E /* Debug */ = {
			isa = XCBuildConfiguration;
			buildSettings = {
				ALWAYS_SEARCH_USER_PATHS = NO;
				CLANG_ANALYZER_NONNULL = YES;
				CLANG_ANALYZER_NUMBER_OBJECT_CONVERSION = YES_AGGRESSIVE;
				CLANG_CXX_LANGUAGE_STANDARD = "gnu++14";
				CLANG_CXX_LIBRARY = "libc++";
				CLANG_ENABLE_MODULES = YES;
				CLANG_ENABLE_OBJC_ARC = YES;
				CLANG_ENABLE_OBJC_WEAK = YES;
				CLANG_WARN_BLOCK_CAPTURE_AUTORELEASING = YES;
				CLANG_WARN_BOOL_CONVERSION = YES;
				CLANG_WARN_COMMA = YES;
				CLANG_WARN_CONSTANT_CONVERSION = YES;
				CLANG_WARN_DEPRECATED_OBJC_IMPLEMENTATIONS = YES;
				CLANG_WARN_DIRECT_OBJC_ISA_USAGE = YES_ERROR;
				CLANG_WARN_DOCUMENTATION_COMMENTS = YES;
				CLANG_WARN_EMPTY_BODY = YES;
				CLANG_WARN_ENUM_CONVERSION = YES;
				CLANG_WARN_INFINITE_RECURSION = YES;
				CLANG_WARN_INT_CONVERSION = YES;
				CLANG_WARN_NON_LITERAL_NULL_CONVERSION = YES;
				CLANG_WARN_OBJC_IMPLICIT_RETAIN_SELF = YES;
				CLANG_WARN_OBJC_LITERAL_CONVERSION = YES;
				CLANG_WARN_OBJC_ROOT_CLASS = YES_ERROR;
				CLANG_WARN_QUOTED_INCLUDE_IN_FRAMEWORK_HEADER = YES;
				CLANG_WARN_RANGE_LOOP_ANALYSIS = YES;
				CLANG_WARN_STRICT_PROTOTYPES = YES;
				CLANG_WARN_SUSPICIOUS_MOVE = YES;
				CLANG_WARN_UNGUARDED_AVAILABILITY = YES_AGGRESSIVE;
				CLANG_WARN_UNREACHABLE_CODE = YES;
				CLANG_WARN__DUPLICATE_METHOD_MATCH = YES;
				COPY_PHASE_STRIP = NO;
				DEBUG_INFORMATION_FORMAT = dwarf;
				ENABLE_STRICT_OBJC_MSGSEND = YES;
				ENABLE_TESTABILITY = YES;
				GCC_C_LANGUAGE_STANDARD = gnu11;
				GCC_DYNAMIC_NO_PIC = NO;
				GCC_NO_COMMON_BLOCKS = YES;
				GCC_OPTIMIZATION_LEVEL = 0;
				GCC_PREPROCESSOR_DEFINITIONS = (
					"DEBUG=1",
					"$(inherited)",
				);
				GCC_WARN_64_TO_32_BIT_CONVERSION = YES;
				GCC_WARN_ABOUT_RETURN_TYPE = YES_ERROR;
				GCC_WARN_UNDECLARED_SELECTOR = YES;
				GCC_WARN_UNINITIALIZED_AUTOS = YES_AGGRESSIVE;
				GCC_WARN_UNUSED_FUNCTION = YES;
				GCC_WARN_UNUSED_VARIABLE = YES;
				IPHONEOS_DEPLOYMENT_TARGET = 14.3;
				MTL_ENABLE_DEBUG_INFO = INCLUDE_SOURCE;
				MTL_FAST_MATH = YES;
				ONLY_ACTIVE_ARCH = YES;
				SDKROOT = iphoneos;
				SWIFT_ACTIVE_COMPILATION_CONDITIONS = DEBUG;
				SWIFT_OPTIMIZATION_LEVEL = "-Onone";
			};
			name = Debug;
		};
		1FE47177258C7C8600ADF01E /* Release */ = {
			isa = XCBuildConfiguration;
			buildSettings = {
				ALWAYS_SEARCH_USER_PATHS = NO;
				CLANG_ANALYZER_NONNULL = YES;
				CLANG_ANALYZER_NUMBER_OBJECT_CONVERSION = YES_AGGRESSIVE;
				CLANG_CXX_LANGUAGE_STANDARD = "gnu++14";
				CLANG_CXX_LIBRARY = "libc++";
				CLANG_ENABLE_MODULES = YES;
				CLANG_ENABLE_OBJC_ARC = YES;
				CLANG_ENABLE_OBJC_WEAK = YES;
				CLANG_WARN_BLOCK_CAPTURE_AUTORELEASING = YES;
				CLANG_WARN_BOOL_CONVERSION = YES;
				CLANG_WARN_COMMA = YES;
				CLANG_WARN_CONSTANT_CONVERSION = YES;
				CLANG_WARN_DEPRECATED_OBJC_IMPLEMENTATIONS = YES;
				CLANG_WARN_DIRECT_OBJC_ISA_USAGE = YES_ERROR;
				CLANG_WARN_DOCUMENTATION_COMMENTS = YES;
				CLANG_WARN_EMPTY_BODY = YES;
				CLANG_WARN_ENUM_CONVERSION = YES;
				CLANG_WARN_INFINITE_RECURSION = YES;
				CLANG_WARN_INT_CONVERSION = YES;
				CLANG_WARN_NON_LITERAL_NULL_CONVERSION = YES;
				CLANG_WARN_OBJC_IMPLICIT_RETAIN_SELF = YES;
				CLANG_WARN_OBJC_LITERAL_CONVERSION = YES;
				CLANG_WARN_OBJC_ROOT_CLASS = YES_ERROR;
				CLANG_WARN_QUOTED_INCLUDE_IN_FRAMEWORK_HEADER = YES;
				CLANG_WARN_RANGE_LOOP_ANALYSIS = YES;
				CLANG_WARN_STRICT_PROTOTYPES = YES;
				CLANG_WARN_SUSPICIOUS_MOVE = YES;
				CLANG_WARN_UNGUARDED_AVAILABILITY = YES_AGGRESSIVE;
				CLANG_WARN_UNREACHABLE_CODE = YES;
				CLANG_WARN__DUPLICATE_METHOD_MATCH = YES;
				COPY_PHASE_STRIP = NO;
				DEBUG_INFORMATION_FORMAT = "dwarf-with-dsym";
				ENABLE_NS_ASSERTIONS = NO;
				ENABLE_STRICT_OBJC_MSGSEND = YES;
				GCC_C_LANGUAGE_STANDARD = gnu11;
				GCC_NO_COMMON_BLOCKS = YES;
				GCC_WARN_64_TO_32_BIT_CONVERSION = YES;
				GCC_WARN_ABOUT_RETURN_TYPE = YES_ERROR;
				GCC_WARN_UNDECLARED_SELECTOR = YES;
				GCC_WARN_UNINITIALIZED_AUTOS = YES_AGGRESSIVE;
				GCC_WARN_UNUSED_FUNCTION = YES;
				GCC_WARN_UNUSED_VARIABLE = YES;
				IPHONEOS_DEPLOYMENT_TARGET = 14.3;
				MTL_ENABLE_DEBUG_INFO = NO;
				MTL_FAST_MATH = YES;
				SDKROOT = iphoneos;
				SWIFT_COMPILATION_MODE = wholemodule;
				SWIFT_OPTIMIZATION_LEVEL = "-O";
				VALIDATE_PRODUCT = YES;
			};
			name = Release;
		};
		1FE47179258C7C8600ADF01E /* Debug */ = {
			isa = XCBuildConfiguration;
			buildSettings = {
				ASSETCATALOG_COMPILER_APPICON_NAME = AppIcon;
				ASSETCATALOG_COMPILER_GLOBAL_ACCENT_COLOR_NAME = AccentColor;
				CODE_SIGN_STYLE = Automatic;
				DEVELOPMENT_TEAM = 4ZXNVYLT4J;
				INFOPLIST_FILE = dsndr/Info.plist;
				LD_RUNPATH_SEARCH_PATHS = (
					"$(inherited)",
					"@executable_path/Frameworks",
				);
				PRODUCT_BUNDLE_IDENTIFIER = Brenton.dsndr;
				PRODUCT_NAME = "$(TARGET_NAME)";
				SWIFT_VERSION = 5.0;
				TARGETED_DEVICE_FAMILY = "1,2";
			};
			name = Debug;
		};
		1FE4717A258C7C8600ADF01E /* Release */ = {
			isa = XCBuildConfiguration;
			buildSettings = {
				ASSETCATALOG_COMPILER_APPICON_NAME = AppIcon;
				ASSETCATALOG_COMPILER_GLOBAL_ACCENT_COLOR_NAME = AccentColor;
				CODE_SIGN_STYLE = Automatic;
				DEVELOPMENT_TEAM = 4ZXNVYLT4J;
				INFOPLIST_FILE = dsndr/Info.plist;
				LD_RUNPATH_SEARCH_PATHS = (
					"$(inherited)",
					"@executable_path/Frameworks",
				);
				PRODUCT_BUNDLE_IDENTIFIER = Brenton.dsndr;
				PRODUCT_NAME = "$(TARGET_NAME)";
				SWIFT_VERSION = 5.0;
				TARGETED_DEVICE_FAMILY = "1,2";
			};
			name = Release;
		};
/* End XCBuildConfiguration section */

/* Begin XCConfigurationList section */
		1FE4715F258C7C8600ADF01E /* Build configuration list for PBXProject "dsndr" */ = {
			isa = XCConfigurationList;
			buildConfigurations = (
				1FE47176258C7C8600ADF01E /* Debug */,
				1FE47177258C7C8600ADF01E /* Release */,
			);
			defaultConfigurationIsVisible = 0;
			defaultConfigurationName = Release;
		};
		1FE47178258C7C8600ADF01E /* Build configuration list for PBXNativeTarget "dsndr" */ = {
			isa = XCConfigurationList;
			buildConfigurations = (
				1FE47179258C7C8600ADF01E /* Debug */,
				1FE4717A258C7C8600ADF01E /* Release */,
			);
			defaultConfigurationIsVisible = 0;
			defaultConfigurationName = Release;
		};
/* End XCConfigurationList section */

/* Begin XCVersionGroup section */
		1F587D7825BDE58A00FF8C60 /* dsndr.xcdatamodeld */ = {
			isa = XCVersionGroup;
			children = (
				1F587D7925BDE58A00FF8C60 /* dsndr.xcdatamodel */,
			);
			currentVersion = 1F587D7925BDE58A00FF8C60 /* dsndr.xcdatamodel */;
			path = dsndr.xcdatamodeld;
			sourceTree = "<group>";
			versionGroupType = wrapper.xcdatamodel;
		};
/* End XCVersionGroup section */
	};
	rootObject = 1FE4715C258C7C8600ADF01E /* Project object */;
}
